
Microsoft Visual Studio Solution File, Format Version 12.00
# Visual Studio Version 16
VisualStudioVersion = 16.0.29613.14
MinimumVisualStudioVersion = 10.0.40219.1
Project("{9A19103F-16F7-4668-BE54-9A1E7A4F7556}") = "ffdc-sample-dotnet3", "ffdc-sample-dotnet3.csproj", "{F44CCD18-C095-4CA2-9F4D-855B933DEF63}"
EndProject
Global
	GlobalSection(SolutionConfigurationPlatforms) = preSolution
		Debug|Any CPU = Debug|Any CPU
		Release|Any CPU = Release|Any CPU
	EndGlobalSection
	GlobalSection(ProjectConfigurationPlatforms) = postSolution
		{F44CCD18-C095-4CA2-9F4D-855B933DEF63}.Debug|Any CPU.ActiveCfg = Debug|Any CPU
		{F44CCD18-C095-4CA2-9F4D-855B933DEF63}.Debug|Any CPU.Build.0 = Debug|Any CPU
		{F44CCD18-C095-4CA2-9F4D-855B933DEF63}.Release|Any CPU.ActiveCfg = Release|Any CPU
		{F44CCD18-C095-4CA2-9F4D-855B933DEF63}.Release|Any CPU.Build.0 = Release|Any CPU
	EndGlobalSection
	GlobalSection(SolutionProperties) = preSolution
		HideSolutionNode = FALSE
	EndGlobalSection
	GlobalSection(ExtensibilityGlobals) = postSolution
		SolutionGuid = {E843DC29-A8BD-45B9-B6B6-44BE62CD3D5C}
	EndGlobalSection
EndGlobal
